{
  "name": "my-final-project-at-the-end-of-the-2nd-course-on-web-development-in-java-script",
  "version": "1.0.0",
  "lockfileVersion": 2,
  "requires": true,
  "packages": {
    "": {
      "name": "my-final-project-at-the-end-of-the-2nd-course-on-web-development-in-java-script",
      "version": "1.0.0",
      "license": "ISC"
    }
  }
}
